{
  "name": "gulp-plugins",
  "version": "1.0.0",
  "dependencies": {
    "ansi": {
      "version": "0.3.1",
      "from": "ansi@>=0.3.0 <0.4.0",
      "resolved": "https://registry.npmjs.org/ansi/-/ansi-0.3.1.tgz"
    },
    "ansi-gray": {
      "version": "0.1.1",
      "from": "ansi-gray@>=0.1.1 <0.2.0",
      "resolved": "https://registry.npmjs.org/ansi-gray/-/ansi-gray-0.1.1.tgz"
    },
    "ansi-regex": {
      "version": "2.1.1",
      "from": "ansi-regex@>=2.0.0 <3.0.0",
      "resolved": "https://registry.npmjs.org/ansi-regex/-/ansi-regex-2.1.1.tgz"
    },
    "ansi-styles": {
      "version": "3.2.0",
      "from": "ansi-styles@>=3.1.0 <4.0.0",
      "resolved": "https://registry.npmjs.org/ansi-styles/-/ansi-styles-3.2.0.tgz"
    },
    "ansi-wrap": {
      "version": "0.1.0",
      "from": "ansi-wrap@0.1.0",
      "resolved": "https://registry.npmjs.org/ansi-wrap/-/ansi-wrap-0.1.0.tgz"
    },
    "aproba": {
      "version": "1.2.0",
      "from": "aproba@>=1.0.3 <2.0.0",
      "resolved": "https://registry.npmjs.org/aproba/-/aproba-1.2.0.tgz"
    },
    "are-we-there-yet": {
      "version": "1.1.4",
      "from": "are-we-there-yet@>=1.1.2 <1.2.0",
      "resolved": "https://registry.npmjs.org/are-we-there-yet/-/are-we-there-yet-1.1.4.tgz",
      "dependencies": {
        "readable-stream": {
          "version": "2.3.3",
          "from": "readable-stream@>=2.0.6 <3.0.0",
          "resolved": "https://registry.npmjs.org/readable-stream/-/readable-stream-2.3.3.tgz"
        },
        "string_decoder": {
          "version": "1.0.3",
          "from": "string_decoder@>=1.0.3 <1.1.0",
          "resolved": "https://registry.npmjs.org/string_decoder/-/string_decoder-1.0.3.tgz"
        }
      }
    },
    "chalk": {
      "version": "2.3.0",
      "from": "chalk@latest",
      "resolved": "https://registry.npmjs.org/chalk/-/chalk-2.3.0.tgz"
    },
    "code-point-at": {
      "version": "1.1.0",
      "from": "code-point-at@>=1.0.0 <2.0.0",
      "resolved": "https://registry.npmjs.org/code-point-at/-/code-point-at-1.1.0.tgz"
    },
    "color-convert": {
      "version": "1.9.1",
      "from": "color-convert@>=1.9.0 <2.0.0",
      "resolved": "https://registry.npmjs.org/color-convert/-/color-convert-1.9.1.tgz"
    },
    "color-name": {
      "version": "1.1.3",
      "from": "color-name@>=1.1.1 <2.0.0",
      "resolved": "https://registry.npmjs.org/color-name/-/color-name-1.1.3.tgz"
    },
    "color-support": {
      "version": "1.1.3",
      "from": "color-support@>=1.1.3 <2.0.0",
      "resolved": "https://registry.npmjs.org/color-support/-/color-support-1.1.3.tgz"
    },
    "console-control-strings": {
      "version": "1.1.0",
      "from": "console-control-strings@>=1.1.0 <1.2.0",
      "resolved": "https://registry.npmjs.org/console-control-strings/-/console-control-strings-1.1.0.tgz"
    },
    "core-util-is": {
      "version": "1.0.2",
      "from": "core-util-is@>=1.0.0 <1.1.0",
      "resolved": "https://registry.npmjs.org/core-util-is/-/core-util-is-1.0.2.tgz"
    },
    "date-format": {
      "version": "1.2.0",
      "from": "date-format@latest",
      "resolved": "https://registry.npmjs.org/date-format/-/date-format-1.2.0.tgz"
    },
    "delegates": {
      "version": "1.0.0",
      "from": "delegates@>=1.0.0 <2.0.0",
      "resolved": "https://registry.npmjs.org/delegates/-/delegates-1.0.0.tgz"
    },
    "escape-string-regexp": {
      "version": "1.0.5",
      "from": "escape-string-regexp@>=1.0.2 <2.0.0",
      "resolved": "https://registry.npmjs.org/escape-string-regexp/-/escape-string-regexp-1.0.5.tgz"
    },
    "fancy-log": {
      "version": "1.3.2",
      "from": "fancy-log@latest",
      "resolved": "https://registry.npmjs.org/fancy-log/-/fancy-log-1.3.2.tgz"
    },
    "gauge": {
      "version": "2.7.4",
      "from": "gauge@>=2.7.3 <2.8.0",
      "resolved": "https://registry.npmjs.org/gauge/-/gauge-2.7.4.tgz",
      "dependencies": {
        "object-assign": {
          "version": "4.1.1",
          "from": "object-assign@>=4.1.0 <5.0.0",
          "resolved": "https://registry.npmjs.org/object-assign/-/object-assign-4.1.1.tgz"
        }
      }
    },
    "has-flag": {
      "version": "2.0.0",
      "from": "has-flag@>=2.0.0 <3.0.0",
      "resolved": "https://registry.npmjs.org/has-flag/-/has-flag-2.0.0.tgz"
    },
    "has-unicode": {
      "version": "2.0.1",
      "from": "has-unicode@>=2.0.0 <3.0.0",
      "resolved": "https://registry.npmjs.org/has-unicode/-/has-unicode-2.0.1.tgz"
    },
    "inherits": {
      "version": "2.0.3",
      "from": "inherits@>=2.0.1 <2.1.0",
      "resolved": "https://registry.npmjs.org/inherits/-/inherits-2.0.3.tgz"
    },
    "is-fullwidth-code-point": {
      "version": "1.0.0",
      "from": "is-fullwidth-code-point@>=1.0.0 <2.0.0",
      "resolved": "https://registry.npmjs.org/is-fullwidth-code-point/-/is-fullwidth-code-point-1.0.0.tgz"
    },
    "isarray": {
      "version": "1.0.0",
      "from": "isarray@1.0.0",
      "resolved": "https://registry.npmjs.org/isarray/-/isarray-1.0.0.tgz"
    },
    "npmlog": {
      "version": "4.1.2",
      "from": "npmlog@latest",
      "resolved": "https://registry.npmjs.org/npmlog/-/npmlog-4.1.2.tgz"
    },
    "npmlog-file": {
      "version": "0.1.4",
      "from": "npmlog-file@latest",
      "resolved": "https://registry.npmjs.org/npmlog-file/-/npmlog-file-0.1.4.tgz",
      "dependencies": {
        "npmlog": {
          "version": "0.1.1",
          "from": "npmlog@>=0.1.1 <0.2.0",
          "resolved": "https://registry.npmjs.org/npmlog/-/npmlog-0.1.1.tgz"
        }
      }
    },
    "number-is-nan": {
      "version": "1.0.1",
      "from": "number-is-nan@>=1.0.0 <2.0.0",
      "resolved": "https://registry.npmjs.org/number-is-nan/-/number-is-nan-1.0.1.tgz"
    },
    "process-nextick-args": {
      "version": "1.0.7",
      "from": "process-nextick-args@>=1.0.6 <1.1.0",
      "resolved": "https://registry.npmjs.org/process-nextick-args/-/process-nextick-args-1.0.7.tgz"
    },
    "safe-buffer": {
      "version": "5.1.1",
      "from": "safe-buffer@>=5.1.1 <5.2.0",
      "resolved": "https://registry.npmjs.org/safe-buffer/-/safe-buffer-5.1.1.tgz"
    },
    "set-blocking": {
      "version": "2.0.0",
      "from": "set-blocking@>=2.0.0 <2.1.0",
      "resolved": "https://registry.npmjs.org/set-blocking/-/set-blocking-2.0.0.tgz"
    },
    "signal-exit": {
      "version": "3.0.2",
      "from": "signal-exit@>=3.0.0 <4.0.0",
      "resolved": "https://registry.npmjs.org/signal-exit/-/signal-exit-3.0.2.tgz"
    },
    "string-width": {
      "version": "1.0.2",
      "from": "string-width@>=1.0.1 <2.0.0",
      "resolved": "https://registry.npmjs.org/string-width/-/string-width-1.0.2.tgz"
    },
    "strip-ansi": {
      "version": "3.0.1",
      "from": "strip-ansi@>=3.0.0 <4.0.0",
      "resolved": "https://registry.npmjs.org/strip-ansi/-/strip-ansi-3.0.1.tgz"
    },
    "supports-color": {
      "version": "4.5.0",
      "from": "supports-color@>=4.0.0 <5.0.0",
      "resolved": "https://registry.npmjs.org/supports-color/-/supports-color-4.5.0.tgz"
    },
    "time-stamp": {
      "version": "1.1.0",
      "from": "time-stamp@>=1.0.0 <2.0.0",
      "resolved": "https://registry.npmjs.org/time-stamp/-/time-stamp-1.1.0.tgz"
    },
    "util-deprecate": {
      "version": "1.0.2",
      "from": "util-deprecate@>=1.0.1 <1.1.0",
      "resolved": "https://registry.npmjs.org/util-deprecate/-/util-deprecate-1.0.2.tgz"
    },
    "wide-align": {
      "version": "1.1.2",
      "from": "wide-align@>=1.1.0 <2.0.0",
      "resolved": "https://registry.npmjs.org/wide-align/-/wide-align-1.1.2.tgz"
    }
  }
}
